
Microsoft Visual Studio Solution File, Format Version 11.00
# Visual Studio 2010
Project("{FAE04EC0-301F-11D3-BF4B-00C04F79EFBC}") = "libfusion", "libfusion\libfusion.csproj", "{A71EB181-2CAB-4522-A0B2-F4CDDA44906A}"
EndProject
Project("{FAE04EC0-301F-11D3-BF4B-00C04F79EFBC}") = "fuse", "fuse\fuse.csproj", "{4935D286-8D38-4454-9079-96C937D5BF02}"
EndProject
Project("{FAE04EC0-301F-11D3-BF4B-00C04F79EFBC}") = "xtmake", "xtmake\xtmake.csproj", "{419BCBFD-1391-46D3-B54B-848CE5C4CEFC}"
EndProject
Project("{FAE04EC0-301F-11D3-BF4B-00C04F79EFBC}") = "libfusiontasks", "libfusiontasks\libfusiontasks.csproj", "{F6BE67E7-CCB0-4CF9-80AC-5FEA1E4027FB}"
EndProject
Project("{FAE04EC0-301F-11D3-BF4B-00C04F79EFBC}") = "fusion-config", "fusion-config\fusion-config.csproj", "{7CCA9B3D-3B1F-47EC-9B9F-10B281FA882A}"
EndProject
Project("{FAE04EC0-301F-11D3-BF4B-00C04F79EFBC}") = "msitasks", "msitasks\msitasks.csproj", "{10221CBA-9425-4466-923C-82119BCBE645}"
EndProject
Project("{FAE04EC0-301F-11D3-BF4B-00C04F79EFBC}") = "bootstrap", "bootstrap\bootstrap.csproj", "{8E7EB837-CBA0-482D-B82A-F26572AE42D9}"
EndProject
Project("{FAE04EC0-301F-11D3-BF4B-00C04F79EFBC}") = "7ztasks", "7ztasks\7ztasks.csproj", "{4C1C947D-C577-4D06-A14B-626C2196B33F}"
EndProject
Global
	GlobalSection(SolutionConfigurationPlatforms) = preSolution
		Debug|Any CPU = Debug|Any CPU
		Debug|Mixed Platforms = Debug|Mixed Platforms
		Debug|x64 = Debug|x64
		Debug|x86 = Debug|x86
		Release|Any CPU = Release|Any CPU
		Release|Mixed Platforms = Release|Mixed Platforms
		Release|x64 = Release|x64
		Release|x86 = Release|x86
	EndGlobalSection
	GlobalSection(ProjectConfigurationPlatforms) = postSolution
		{A71EB181-2CAB-4522-A0B2-F4CDDA44906A}.Debug|Any CPU.ActiveCfg = Debug|Any CPU
		{A71EB181-2CAB-4522-A0B2-F4CDDA44906A}.Debug|Any CPU.Build.0 = Debug|Any CPU
		{A71EB181-2CAB-4522-A0B2-F4CDDA44906A}.Debug|Mixed Platforms.ActiveCfg = Debug|Any CPU
		{A71EB181-2CAB-4522-A0B2-F4CDDA44906A}.Debug|Mixed Platforms.Build.0 = Debug|Any CPU
		{A71EB181-2CAB-4522-A0B2-F4CDDA44906A}.Debug|x64.ActiveCfg = Debug|Any CPU
		{A71EB181-2CAB-4522-A0B2-F4CDDA44906A}.Debug|x86.ActiveCfg = Debug|Any CPU
		{A71EB181-2CAB-4522-A0B2-F4CDDA44906A}.Release|Any CPU.ActiveCfg = Release|Any CPU
		{A71EB181-2CAB-4522-A0B2-F4CDDA44906A}.Release|Any CPU.Build.0 = Release|Any CPU
		{A71EB181-2CAB-4522-A0B2-F4CDDA44906A}.Release|Mixed Platforms.ActiveCfg = Release|Any CPU
		{A71EB181-2CAB-4522-A0B2-F4CDDA44906A}.Release|Mixed Platforms.Build.0 = Release|Any CPU
		{A71EB181-2CAB-4522-A0B2-F4CDDA44906A}.Release|x64.ActiveCfg = Release|Any CPU
		{A71EB181-2CAB-4522-A0B2-F4CDDA44906A}.Release|x86.ActiveCfg = Release|Any CPU
		{4935D286-8D38-4454-9079-96C937D5BF02}.Debug|Any CPU.ActiveCfg = Debug|x86
		{4935D286-8D38-4454-9079-96C937D5BF02}.Debug|Mixed Platforms.ActiveCfg = Debug|x86
		{4935D286-8D38-4454-9079-96C937D5BF02}.Debug|Mixed Platforms.Build.0 = Debug|x86
		{4935D286-8D38-4454-9079-96C937D5BF02}.Debug|x64.ActiveCfg = Debug|x86
		{4935D286-8D38-4454-9079-96C937D5BF02}.Debug|x86.ActiveCfg = Debug|x86
		{4935D286-8D38-4454-9079-96C937D5BF02}.Debug|x86.Build.0 = Debug|x86
		{4935D286-8D38-4454-9079-96C937D5BF02}.Release|Any CPU.ActiveCfg = Release|x86
		{4935D286-8D38-4454-9079-96C937D5BF02}.Release|Mixed Platforms.ActiveCfg = Release|x86
		{4935D286-8D38-4454-9079-96C937D5BF02}.Release|Mixed Platforms.Build.0 = Release|x86
		{4935D286-8D38-4454-9079-96C937D5BF02}.Release|x64.ActiveCfg = Release|x86
		{4935D286-8D38-4454-9079-96C937D5BF02}.Release|x86.ActiveCfg = Release|x86
		{4935D286-8D38-4454-9079-96C937D5BF02}.Release|x86.Build.0 = Release|x86
		{419BCBFD-1391-46D3-B54B-848CE5C4CEFC}.Debug|Any CPU.ActiveCfg = Debug|x86
		{419BCBFD-1391-46D3-B54B-848CE5C4CEFC}.Debug|Mixed Platforms.ActiveCfg = Debug|x86
		{419BCBFD-1391-46D3-B54B-848CE5C4CEFC}.Debug|Mixed Platforms.Build.0 = Debug|x86
		{419BCBFD-1391-46D3-B54B-848CE5C4CEFC}.Debug|x64.ActiveCfg = Debug|x86
		{419BCBFD-1391-46D3-B54B-848CE5C4CEFC}.Debug|x86.ActiveCfg = Debug|x86
		{419BCBFD-1391-46D3-B54B-848CE5C4CEFC}.Debug|x86.Build.0 = Debug|x86
		{419BCBFD-1391-46D3-B54B-848CE5C4CEFC}.Release|Any CPU.ActiveCfg = Release|x86
		{419BCBFD-1391-46D3-B54B-848CE5C4CEFC}.Release|Mixed Platforms.ActiveCfg = Release|x86
		{419BCBFD-1391-46D3-B54B-848CE5C4CEFC}.Release|Mixed Platforms.Build.0 = Release|x86
		{419BCBFD-1391-46D3-B54B-848CE5C4CEFC}.Release|x64.ActiveCfg = Release|x86
		{419BCBFD-1391-46D3-B54B-848CE5C4CEFC}.Release|x86.ActiveCfg = Release|x86
		{419BCBFD-1391-46D3-B54B-848CE5C4CEFC}.Release|x86.Build.0 = Release|x86
		{F6BE67E7-CCB0-4CF9-80AC-5FEA1E4027FB}.Debug|Any CPU.ActiveCfg = Debug|Any CPU
		{F6BE67E7-CCB0-4CF9-80AC-5FEA1E4027FB}.Debug|Any CPU.Build.0 = Debug|Any CPU
		{F6BE67E7-CCB0-4CF9-80AC-5FEA1E4027FB}.Debug|Mixed Platforms.ActiveCfg = Debug|Any CPU
		{F6BE67E7-CCB0-4CF9-80AC-5FEA1E4027FB}.Debug|Mixed Platforms.Build.0 = Debug|Any CPU
		{F6BE67E7-CCB0-4CF9-80AC-5FEA1E4027FB}.Debug|x64.ActiveCfg = Debug|Any CPU
		{F6BE67E7-CCB0-4CF9-80AC-5FEA1E4027FB}.Debug|x86.ActiveCfg = Debug|Any CPU
		{F6BE67E7-CCB0-4CF9-80AC-5FEA1E4027FB}.Release|Any CPU.ActiveCfg = Release|Any CPU
		{F6BE67E7-CCB0-4CF9-80AC-5FEA1E4027FB}.Release|Any CPU.Build.0 = Release|Any CPU
		{F6BE67E7-CCB0-4CF9-80AC-5FEA1E4027FB}.Release|Mixed Platforms.ActiveCfg = Release|Any CPU
		{F6BE67E7-CCB0-4CF9-80AC-5FEA1E4027FB}.Release|Mixed Platforms.Build.0 = Release|Any CPU
		{F6BE67E7-CCB0-4CF9-80AC-5FEA1E4027FB}.Release|x64.ActiveCfg = Release|Any CPU
		{F6BE67E7-CCB0-4CF9-80AC-5FEA1E4027FB}.Release|x86.ActiveCfg = Release|Any CPU
		{7CCA9B3D-3B1F-47EC-9B9F-10B281FA882A}.Debug|Any CPU.ActiveCfg = Debug|x86
		{7CCA9B3D-3B1F-47EC-9B9F-10B281FA882A}.Debug|Mixed Platforms.ActiveCfg = Debug|x86
		{7CCA9B3D-3B1F-47EC-9B9F-10B281FA882A}.Debug|Mixed Platforms.Build.0 = Debug|x86
		{7CCA9B3D-3B1F-47EC-9B9F-10B281FA882A}.Debug|x64.ActiveCfg = Debug|x86
		{7CCA9B3D-3B1F-47EC-9B9F-10B281FA882A}.Debug|x86.ActiveCfg = Debug|x86
		{7CCA9B3D-3B1F-47EC-9B9F-10B281FA882A}.Debug|x86.Build.0 = Debug|x86
		{7CCA9B3D-3B1F-47EC-9B9F-10B281FA882A}.Release|Any CPU.ActiveCfg = Release|x86
		{7CCA9B3D-3B1F-47EC-9B9F-10B281FA882A}.Release|Mixed Platforms.ActiveCfg = Release|x86
		{7CCA9B3D-3B1F-47EC-9B9F-10B281FA882A}.Release|Mixed Platforms.Build.0 = Release|x86
		{7CCA9B3D-3B1F-47EC-9B9F-10B281FA882A}.Release|x64.ActiveCfg = Release|x86
		{7CCA9B3D-3B1F-47EC-9B9F-10B281FA882A}.Release|x86.ActiveCfg = Release|x86
		{7CCA9B3D-3B1F-47EC-9B9F-10B281FA882A}.Release|x86.Build.0 = Release|x86
		{10221CBA-9425-4466-923C-82119BCBE645}.Debug|Any CPU.ActiveCfg = Debug|Any CPU
		{10221CBA-9425-4466-923C-82119BCBE645}.Debug|Any CPU.Build.0 = Debug|Any CPU
		{10221CBA-9425-4466-923C-82119BCBE645}.Debug|Mixed Platforms.ActiveCfg = Debug|Any CPU
		{10221CBA-9425-4466-923C-82119BCBE645}.Debug|Mixed Platforms.Build.0 = Debug|Any CPU
		{10221CBA-9425-4466-923C-82119BCBE645}.Debug|x64.ActiveCfg = Debug|Any CPU
		{10221CBA-9425-4466-923C-82119BCBE645}.Debug|x86.ActiveCfg = Debug|Any CPU
		{10221CBA-9425-4466-923C-82119BCBE645}.Release|Any CPU.ActiveCfg = Release|Any CPU
		{10221CBA-9425-4466-923C-82119BCBE645}.Release|Any CPU.Build.0 = Release|Any CPU
		{10221CBA-9425-4466-923C-82119BCBE645}.Release|Mixed Platforms.ActiveCfg = Release|Any CPU
		{10221CBA-9425-4466-923C-82119BCBE645}.Release|Mixed Platforms.Build.0 = Release|Any CPU
		{10221CBA-9425-4466-923C-82119BCBE645}.Release|x64.ActiveCfg = Release|Any CPU
		{10221CBA-9425-4466-923C-82119BCBE645}.Release|x86.ActiveCfg = Release|Any CPU
		{8E7EB837-CBA0-482D-B82A-F26572AE42D9}.Debug|Any CPU.ActiveCfg = Debug|x86
		{8E7EB837-CBA0-482D-B82A-F26572AE42D9}.Debug|Mixed Platforms.ActiveCfg = Debug|x86
		{8E7EB837-CBA0-482D-B82A-F26572AE42D9}.Debug|Mixed Platforms.Build.0 = Debug|x86
		{8E7EB837-CBA0-482D-B82A-F26572AE42D9}.Debug|x64.ActiveCfg = Debug|x86
		{8E7EB837-CBA0-482D-B82A-F26572AE42D9}.Debug|x86.ActiveCfg = Debug|x86
		{8E7EB837-CBA0-482D-B82A-F26572AE42D9}.Debug|x86.Build.0 = Debug|x86
		{8E7EB837-CBA0-482D-B82A-F26572AE42D9}.Release|Any CPU.ActiveCfg = Release|x86
		{8E7EB837-CBA0-482D-B82A-F26572AE42D9}.Release|Mixed Platforms.ActiveCfg = Release|x86
		{8E7EB837-CBA0-482D-B82A-F26572AE42D9}.Release|Mixed Platforms.Build.0 = Release|x86
		{8E7EB837-CBA0-482D-B82A-F26572AE42D9}.Release|x64.ActiveCfg = Release|x86
		{8E7EB837-CBA0-482D-B82A-F26572AE42D9}.Release|x86.ActiveCfg = Release|x86
		{8E7EB837-CBA0-482D-B82A-F26572AE42D9}.Release|x86.Build.0 = Release|x86
		{4C1C947D-C577-4D06-A14B-626C2196B33F}.Debug|Any CPU.ActiveCfg = Debug|Any CPU
		{4C1C947D-C577-4D06-A14B-626C2196B33F}.Debug|Any CPU.Build.0 = Debug|Any CPU
		{4C1C947D-C577-4D06-A14B-626C2196B33F}.Debug|Mixed Platforms.ActiveCfg = Debug|Any CPU
		{4C1C947D-C577-4D06-A14B-626C2196B33F}.Debug|Mixed Platforms.Build.0 = Debug|Any CPU
		{4C1C947D-C577-4D06-A14B-626C2196B33F}.Debug|x64.ActiveCfg = Debug|Any CPU
		{4C1C947D-C577-4D06-A14B-626C2196B33F}.Debug|x86.ActiveCfg = Debug|Any CPU
		{4C1C947D-C577-4D06-A14B-626C2196B33F}.Release|Any CPU.ActiveCfg = Release|Any CPU
		{4C1C947D-C577-4D06-A14B-626C2196B33F}.Release|Any CPU.Build.0 = Release|Any CPU
		{4C1C947D-C577-4D06-A14B-626C2196B33F}.Release|Mixed Platforms.ActiveCfg = Release|Any CPU
		{4C1C947D-C577-4D06-A14B-626C2196B33F}.Release|Mixed Platforms.Build.0 = Release|Any CPU
		{4C1C947D-C577-4D06-A14B-626C2196B33F}.Release|x64.ActiveCfg = Release|Any CPU
		{4C1C947D-C577-4D06-A14B-626C2196B33F}.Release|x86.ActiveCfg = Release|Any CPU
	EndGlobalSection
	GlobalSection(SolutionProperties) = preSolution
		HideSolutionNode = FALSE
	EndGlobalSection
EndGlobal
